Microsoft Visual Studio Solution File, Format Version 12.00
# Visual Studio Version 16
VisualStudioVersion = 16.0.30503.244
MinimumVisualStudioVersion = 15.0.26124.0
Project("{2150E333-8FDC-42A3-9474-1A3956D46DE8}") = "src", "src", "{C397A34C-84F1-49E7-AEBC-2F9F2B196216}"
EndProject
Project("{2150E333-8FDC-42A3-9474-1A3956D46DE8}") = "tests", "tests", "{ACBEE43C-7A88-4FB1-9B06-DB064D22B29F}"
EndProject
Project("{6EC3EE1D-3C4E-46DD-8F32-0CC8E7565705}") = "HW2-3", "src\HW2-3\HW2-3.fsproj", "{F083C89E-96B8-4B96-9343-DA8A64CA202E}"
EndProject
Project("{6EC3EE1D-3C4E-46DD-8F32-0CC8E7565705}") = "HW2-3.Tests", "tests\HW2-3.Tests\HW2-3.Tests.fsproj", "{FF1FCA83-1B79-4A18-991B-9F1BFFBD5C09}"
EndProject
Project("{6EC3EE1D-3C4E-46DD-8F32-0CC8E7565705}") = "HW4", "src\HW4\HW4.fsproj", "{AACE6DC2-79A0-4150-B2E5-51A4456D0C42}"
EndProject
Project("{6EC3EE1D-3C4E-46DD-8F32-0CC8E7565705}") = "HW4.Tests", "tests\HW4.Tests\HW4.Tests.fsproj", "{247627E5-F96D-4D6C-8C37-A74C51EE3268}"
EndProject
Project("{F2A71F9B-5D33-465A-A702-920D77279786}") = "HW6", "src\HW6\HW6.fsproj", "{8728167F-05E0-448A-81D6-D505E7797C6A}"
EndProject
Project("{F2A71F9B-5D33-465A-A702-920D77279786}") = "HW6.Tests", "tests\HW6.Tests\HW6.Tests.fsproj", "{E4549F54-755A-4218-B05E-7F379AF8E0BA}"
EndProject
Project("{F2A71F9B-5D33-465A-A702-920D77279786}") = "HW7", "src\HW7\HW7.fsproj", "{FC867790-91F5-4D0D-9781-2328709B7833}"
EndProject
Project("{F2A71F9B-5D33-465A-A702-920D77279786}") = "HW7.Tests", "tests\HW7.Tests\HW7.Tests.fsproj", "{78851CC5-6585-4D84-ABEF-4CE3FDC2F056}"
EndProject
Project("{F2A71F9B-5D33-465A-A702-920D77279786}") = "HW8", "src\HW8\HW8.fsproj", "{3ECBE695-5001-481E-8F51-88F10C69090E}"
EndProject
Project("{F2A71F9B-5D33-465A-A702-920D77279786}") = "HW8.Tests", "tests\HW8.Tests\HW8.Tests.fsproj", "{7C95DBD5-5DE9-405E-8701-BDF0DD9097E5}"
EndProject
Project("{F2A71F9B-5D33-465A-A702-920D77279786}") = "Generator", "src\Generator\Generator.fsproj", "{21329CA4-A866-4F74-9FD7-B46BFF236436}"
EndProject
Global
	GlobalSection(SolutionConfigurationPlatforms) = preSolution
		Debug|Any CPU = Debug|Any CPU
		Debug|x64 = Debug|x64
		Debug|x86 = Debug|x86
		Release|Any CPU = Release|Any CPU
		Release|x64 = Release|x64
		Release|x86 = Release|x86
	EndGlobalSection
	GlobalSection(ProjectConfigurationPlatforms) = postSolution
		{F083C89E-96B8-4B96-9343-DA8A64CA202E}.Debug|Any CPU.ActiveCfg = Debug|Any CPU
		{F083C89E-96B8-4B96-9343-DA8A64CA202E}.Debug|Any CPU.Build.0 = Debug|Any CPU
		{F083C89E-96B8-4B96-9343-DA8A64CA202E}.Debug|x64.ActiveCfg = Debug|Any CPU
		{F083C89E-96B8-4B96-9343-DA8A64CA202E}.Debug|x64.Build.0 = Debug|Any CPU
		{F083C89E-96B8-4B96-9343-DA8A64CA202E}.Debug|x86.ActiveCfg = Debug|Any CPU
		{F083C89E-96B8-4B96-9343-DA8A64CA202E}.Debug|x86.Build.0 = Debug|Any CPU
		{F083C89E-96B8-4B96-9343-DA8A64CA202E}.Release|Any CPU.ActiveCfg = Release|Any CPU
		{F083C89E-96B8-4B96-9343-DA8A64CA202E}.Release|Any CPU.Build.0 = Release|Any CPU
		{F083C89E-96B8-4B96-9343-DA8A64CA202E}.Release|x64.ActiveCfg = Release|Any CPU
		{F083C89E-96B8-4B96-9343-DA8A64CA202E}.Release|x64.Build.0 = Release|Any CPU
		{F083C89E-96B8-4B96-9343-DA8A64CA202E}.Release|x86.ActiveCfg = Release|Any CPU
		{F083C89E-96B8-4B96-9343-DA8A64CA202E}.Release|x86.Build.0 = Release|Any CPU
		{FF1FCA83-1B79-4A18-991B-9F1BFFBD5C09}.Debug|Any CPU.ActiveCfg = Debug|Any CPU
		{FF1FCA83-1B79-4A18-991B-9F1BFFBD5C09}.Debug|Any CPU.Build.0 = Debug|Any CPU
		{FF1FCA83-1B79-4A18-991B-9F1BFFBD5C09}.Debug|x64.ActiveCfg = Debug|Any CPU
		{FF1FCA83-1B79-4A18-991B-9F1BFFBD5C09}.Debug|x64.Build.0 = Debug|Any CPU
		{FF1FCA83-1B79-4A18-991B-9F1BFFBD5C09}.Debug|x86.ActiveCfg = Debug|Any CPU
		{FF1FCA83-1B79-4A18-991B-9F1BFFBD5C09}.Debug|x86.Build.0 = Debug|Any CPU
		{FF1FCA83-1B79-4A18-991B-9F1BFFBD5C09}.Release|Any CPU.ActiveCfg = Release|Any CPU
		{FF1FCA83-1B79-4A18-991B-9F1BFFBD5C09}.Release|Any CPU.Build.0 = Release|Any CPU
		{FF1FCA83-1B79-4A18-991B-9F1BFFBD5C09}.Release|x64.ActiveCfg = Release|Any CPU
		{FF1FCA83-1B79-4A18-991B-9F1BFFBD5C09}.Release|x64.Build.0 = Release|Any CPU
		{FF1FCA83-1B79-4A18-991B-9F1BFFBD5C09}.Release|x86.ActiveCfg = Release|Any CPU
		{FF1FCA83-1B79-4A18-991B-9F1BFFBD5C09}.Release|x86.Build.0 = Release|Any CPU
		{AACE6DC2-79A0-4150-B2E5-51A4456D0C42}.Debug|Any CPU.ActiveCfg = Debug|Any CPU
		{AACE6DC2-79A0-4150-B2E5-51A4456D0C42}.Debug|Any CPU.Build.0 = Debug|Any CPU
		{AACE6DC2-79A0-4150-B2E5-51A4456D0C42}.Debug|x64.ActiveCfg = Debug|Any CPU
		{AACE6DC2-79A0-4150-B2E5-51A4456D0C42}.Debug|x64.Build.0 = Debug|Any CPU
		{AACE6DC2-79A0-4150-B2E5-51A4456D0C42}.Debug|x86.ActiveCfg = Debug|Any CPU
		{AACE6DC2-79A0-4150-B2E5-51A4456D0C42}.Debug|x86.Build.0 = Debug|Any CPU
		{AACE6DC2-79A0-4150-B2E5-51A4456D0C42}.Release|Any CPU.ActiveCfg = Release|Any CPU
		{AACE6DC2-79A0-4150-B2E5-51A4456D0C42}.Release|Any CPU.Build.0 = Release|Any CPU
		{AACE6DC2-79A0-4150-B2E5-51A4456D0C42}.Release|x64.ActiveCfg = Release|Any CPU
		{AACE6DC2-79A0-4150-B2E5-51A4456D0C42}.Release|x64.Build.0 = Release|Any CPU
		{AACE6DC2-79A0-4150-B2E5-51A4456D0C42}.Release|x86.ActiveCfg = Release|Any CPU
		{AACE6DC2-79A0-4150-B2E5-51A4456D0C42}.Release|x86.Build.0 = Release|Any CPU
		{247627E5-F96D-4D6C-8C37-A74C51EE3268}.Debug|Any CPU.ActiveCfg = Debug|Any CPU
		{247627E5-F96D-4D6C-8C37-A74C51EE3268}.Debug|Any CPU.Build.0 = Debug|Any CPU
		{247627E5-F96D-4D6C-8C37-A74C51EE3268}.Debug|x64.ActiveCfg = Debug|Any CPU
		{247627E5-F96D-4D6C-8C37-A74C51EE3268}.Debug|x64.Build.0 = Debug|Any CPU
		{247627E5-F96D-4D6C-8C37-A74C51EE3268}.Debug|x86.ActiveCfg = Debug|Any CPU
		{247627E5-F96D-4D6C-8C37-A74C51EE3268}.Debug|x86.Build.0 = Debug|Any CPU
		{247627E5-F96D-4D6C-8C37-A74C51EE3268}.Release|Any CPU.ActiveCfg = Release|Any CPU
		{247627E5-F96D-4D6C-8C37-A74C51EE3268}.Release|Any CPU.Build.0 = Release|Any CPU
		{247627E5-F96D-4D6C-8C37-A74C51EE3268}.Release|x64.ActiveCfg = Release|Any CPU
		{247627E5-F96D-4D6C-8C37-A74C51EE3268}.Release|x64.Build.0 = Release|Any CPU
		{247627E5-F96D-4D6C-8C37-A74C51EE3268}.Release|x86.ActiveCfg = Release|Any CPU
		{247627E5-F96D-4D6C-8C37-A74C51EE3268}.Release|x86.Build.0 = Release|Any CPU
		{8728167F-05E0-448A-81D6-D505E7797C6A}.Debug|Any CPU.ActiveCfg = Debug|Any CPU
		{8728167F-05E0-448A-81D6-D505E7797C6A}.Debug|Any CPU.Build.0 = Debug|Any CPU
		{8728167F-05E0-448A-81D6-D505E7797C6A}.Debug|x64.ActiveCfg = Debug|Any CPU
		{8728167F-05E0-448A-81D6-D505E7797C6A}.Debug|x64.Build.0 = Debug|Any CPU
		{8728167F-05E0-448A-81D6-D505E7797C6A}.Debug|x86.ActiveCfg = Debug|Any CPU
		{8728167F-05E0-448A-81D6-D505E7797C6A}.Debug|x86.Build.0 = Debug|Any CPU
		{8728167F-05E0-448A-81D6-D505E7797C6A}.Release|Any CPU.ActiveCfg = Release|Any CPU
		{8728167F-05E0-448A-81D6-D505E7797C6A}.Release|Any CPU.Build.0 = Release|Any CPU
		{8728167F-05E0-448A-81D6-D505E7797C6A}.Release|x64.ActiveCfg = Release|Any CPU
		{8728167F-05E0-448A-81D6-D505E7797C6A}.Release|x64.Build.0 = Release|Any CPU
		{8728167F-05E0-448A-81D6-D505E7797C6A}.Release|x86.ActiveCfg = Release|Any CPU
		{8728167F-05E0-448A-81D6-D505E7797C6A}.Release|x86.Build.0 = Release|Any CPU
		{E4549F54-755A-4218-B05E-7F379AF8E0BA}.Debug|Any CPU.ActiveCfg = Debug|Any CPU
		{E4549F54-755A-4218-B05E-7F379AF8E0BA}.Debug|Any CPU.Build.0 = Debug|Any CPU
		{E4549F54-755A-4218-B05E-7F379AF8E0BA}.Debug|x64.ActiveCfg = Debug|Any CPU
		{E4549F54-755A-4218-B05E-7F379AF8E0BA}.Debug|x64.Build.0 = Debug|Any CPU
		{E4549F54-755A-4218-B05E-7F379AF8E0BA}.Debug|x86.ActiveCfg = Debug|Any CPU
		{E4549F54-755A-4218-B05E-7F379AF8E0BA}.Debug|x86.Build.0 = Debug|Any CPU
		{E4549F54-755A-4218-B05E-7F379AF8E0BA}.Release|Any CPU.ActiveCfg = Release|Any CPU
		{E4549F54-755A-4218-B05E-7F379AF8E0BA}.Release|Any CPU.Build.0 = Release|Any CPU
		{E4549F54-755A-4218-B05E-7F379AF8E0BA}.Release|x64.ActiveCfg = Release|Any CPU
		{E4549F54-755A-4218-B05E-7F379AF8E0BA}.Release|x64.Build.0 = Release|Any CPU
		{E4549F54-755A-4218-B05E-7F379AF8E0BA}.Release|x86.ActiveCfg = Release|Any CPU
		{E4549F54-755A-4218-B05E-7F379AF8E0BA}.Release|x86.Build.0 = Release|Any CPU
		{FC867790-91F5-4D0D-9781-2328709B7833}.Debug|Any CPU.ActiveCfg = Debug|Any CPU
		{FC867790-91F5-4D0D-9781-2328709B7833}.Debug|Any CPU.Build.0 = Debug|Any CPU
		{FC867790-91F5-4D0D-9781-2328709B7833}.Debug|x64.ActiveCfg = Debug|Any CPU
		{FC867790-91F5-4D0D-9781-2328709B7833}.Debug|x64.Build.0 = Debug|Any CPU
		{FC867790-91F5-4D0D-9781-2328709B7833}.Debug|x86.ActiveCfg = Debug|Any CPU
		{FC867790-91F5-4D0D-9781-2328709B7833}.Debug|x86.Build.0 = Debug|Any CPU
		{FC867790-91F5-4D0D-9781-2328709B7833}.Release|Any CPU.ActiveCfg = Release|Any CPU
		{FC867790-91F5-4D0D-9781-2328709B7833}.Release|Any CPU.Build.0 = Release|Any CPU
		{FC867790-91F5-4D0D-9781-2328709B7833}.Release|x64.ActiveCfg = Release|Any CPU
		{FC867790-91F5-4D0D-9781-2328709B7833}.Release|x64.Build.0 = Release|Any CPU
		{FC867790-91F5-4D0D-9781-2328709B7833}.Release|x86.ActiveCfg = Release|Any CPU
		{FC867790-91F5-4D0D-9781-2328709B7833}.Release|x86.Build.0 = Release|Any CPU
		{78851CC5-6585-4D84-ABEF-4CE3FDC2F056}.Debug|Any CPU.ActiveCfg = Debug|Any CPU
		{78851CC5-6585-4D84-ABEF-4CE3FDC2F056}.Debug|Any CPU.Build.0 = Debug|Any CPU
		{78851CC5-6585-4D84-ABEF-4CE3FDC2F056}.Debug|x64.ActiveCfg = Debug|Any CPU
		{78851CC5-6585-4D84-ABEF-4CE3FDC2F056}.Debug|x64.Build.0 = Debug|Any CPU
		{78851CC5-6585-4D84-ABEF-4CE3FDC2F056}.Debug|x86.ActiveCfg = Debug|Any CPU
		{78851CC5-6585-4D84-ABEF-4CE3FDC2F056}.Debug|x86.Build.0 = Debug|Any CPU
		{78851CC5-6585-4D84-ABEF-4CE3FDC2F056}.Release|Any CPU.ActiveCfg = Release|Any CPU
		{78851CC5-6585-4D84-ABEF-4CE3FDC2F056}.Release|Any CPU.Build.0 = Release|Any CPU
		{78851CC5-6585-4D84-ABEF-4CE3FDC2F056}.Release|x64.ActiveCfg = Release|Any CPU
		{78851CC5-6585-4D84-ABEF-4CE3FDC2F056}.Release|x64.Build.0 = Release|Any CPU
		{78851CC5-6585-4D84-ABEF-4CE3FDC2F056}.Release|x86.ActiveCfg = Release|Any CPU
		{78851CC5-6585-4D84-ABEF-4CE3FDC2F056}.Release|x86.Build.0 = Release|Any CPU
		{3ECBE695-5001-481E-8F51-88F10C69090E}.Debug|Any CPU.ActiveCfg = Debug|Any CPU
		{3ECBE695-5001-481E-8F51-88F10C69090E}.Debug|Any CPU.Build.0 = Debug|Any CPU
		{3ECBE695-5001-481E-8F51-88F10C69090E}.Debug|x64.ActiveCfg = Debug|Any CPU
		{3ECBE695-5001-481E-8F51-88F10C69090E}.Debug|x64.Build.0 = Debug|Any CPU
		{3ECBE695-5001-481E-8F51-88F10C69090E}.Debug|x86.ActiveCfg = Debug|Any CPU
		{3ECBE695-5001-481E-8F51-88F10C69090E}.Debug|x86.Build.0 = Debug|Any CPU
		{3ECBE695-5001-481E-8F51-88F10C69090E}.Release|Any CPU.ActiveCfg = Release|Any CPU
		{3ECBE695-5001-481E-8F51-88F10C69090E}.Release|Any CPU.Build.0 = Release|Any CPU
		{3ECBE695-5001-481E-8F51-88F10C69090E}.Release|x64.ActiveCfg = Release|Any CPU
		{3ECBE695-5001-481E-8F51-88F10C69090E}.Release|x64.Build.0 = Release|Any CPU
		{3ECBE695-5001-481E-8F51-88F10C69090E}.Release|x86.ActiveCfg = Release|Any CPU
		{3ECBE695-5001-481E-8F51-88F10C69090E}.Release|x86.Build.0 = Release|Any CPU
		{7C95DBD5-5DE9-405E-8701-BDF0DD9097E5}.Debug|Any CPU.ActiveCfg = Debug|Any CPU
		{7C95DBD5-5DE9-405E-8701-BDF0DD9097E5}.Debug|Any CPU.Build.0 = Debug|Any CPU
		{7C95DBD5-5DE9-405E-8701-BDF0DD9097E5}.Debug|x64.ActiveCfg = Debug|Any CPU
		{7C95DBD5-5DE9-405E-8701-BDF0DD9097E5}.Debug|x64.Build.0 = Debug|Any CPU
		{7C95DBD5-5DE9-405E-8701-BDF0DD9097E5}.Debug|x86.ActiveCfg = Debug|Any CPU
		{7C95DBD5-5DE9-405E-8701-BDF0DD9097E5}.Debug|x86.Build.0 = Debug|Any CPU
		{7C95DBD5-5DE9-405E-8701-BDF0DD9097E5}.Release|Any CPU.ActiveCfg = Release|Any CPU
		{7C95DBD5-5DE9-405E-8701-BDF0DD9097E5}.Release|Any CPU.Build.0 = Release|Any CPU
		{7C95DBD5-5DE9-405E-8701-BDF0DD9097E5}.Release|x64.ActiveCfg = Release|Any CPU
		{7C95DBD5-5DE9-405E-8701-BDF0DD9097E5}.Release|x64.Build.0 = Release|Any CPU
		{7C95DBD5-5DE9-405E-8701-BDF0DD9097E5}.Release|x86.ActiveCfg = Release|Any CPU
		{7C95DBD5-5DE9-405E-8701-BDF0DD9097E5}.Release|x86.Build.0 = Release|Any CPU
		{21329CA4-A866-4F74-9FD7-B46BFF236436}.Debug|Any CPU.ActiveCfg = Debug|Any CPU
		{21329CA4-A866-4F74-9FD7-B46BFF236436}.Debug|Any CPU.Build.0 = Debug|Any CPU
		{21329CA4-A866-4F74-9FD7-B46BFF236436}.Debug|x64.ActiveCfg = Debug|Any CPU
		{21329CA4-A866-4F74-9FD7-B46BFF236436}.Debug|x64.Build.0 = Debug|Any CPU
		{21329CA4-A866-4F74-9FD7-B46BFF236436}.Debug|x86.ActiveCfg = Debug|Any CPU
		{21329CA4-A866-4F74-9FD7-B46BFF236436}.Debug|x86.Build.0 = Debug|Any CPU
		{21329CA4-A866-4F74-9FD7-B46BFF236436}.Release|Any CPU.ActiveCfg = Release|Any CPU
		{21329CA4-A866-4F74-9FD7-B46BFF236436}.Release|Any CPU.Build.0 = Release|Any CPU
		{21329CA4-A866-4F74-9FD7-B46BFF236436}.Release|x64.ActiveCfg = Release|Any CPU
		{21329CA4-A866-4F74-9FD7-B46BFF236436}.Release|x64.Build.0 = Release|Any CPU
		{21329CA4-A866-4F74-9FD7-B46BFF236436}.Release|x86.ActiveCfg = Release|Any CPU
		{21329CA4-A866-4F74-9FD7-B46BFF236436}.Release|x86.Build.0 = Release|Any CPU
	EndGlobalSection
	GlobalSection(SolutionProperties) = preSolution
		HideSolutionNode = FALSE
	EndGlobalSection
	GlobalSection(NestedProjects) = preSolution
		{F083C89E-96B8-4B96-9343-DA8A64CA202E} = {C397A34C-84F1-49E7-AEBC-2F9F2B196216}
		{FF1FCA83-1B79-4A18-991B-9F1BFFBD5C09} = {ACBEE43C-7A88-4FB1-9B06-DB064D22B29F}
		{AACE6DC2-79A0-4150-B2E5-51A4456D0C42} = {C397A34C-84F1-49E7-AEBC-2F9F2B196216}
		{247627E5-F96D-4D6C-8C37-A74C51EE3268} = {ACBEE43C-7A88-4FB1-9B06-DB064D22B29F}
		{8728167F-05E0-448A-81D6-D505E7797C6A} = {C397A34C-84F1-49E7-AEBC-2F9F2B196216}
		{E4549F54-755A-4218-B05E-7F379AF8E0BA} = {ACBEE43C-7A88-4FB1-9B06-DB064D22B29F}
		{FC867790-91F5-4D0D-9781-2328709B7833} = {C397A34C-84F1-49E7-AEBC-2F9F2B196216}
		{78851CC5-6585-4D84-ABEF-4CE3FDC2F056} = {ACBEE43C-7A88-4FB1-9B06-DB064D22B29F}
		{3ECBE695-5001-481E-8F51-88F10C69090E} = {C397A34C-84F1-49E7-AEBC-2F9F2B196216}
		{7C95DBD5-5DE9-405E-8701-BDF0DD9097E5} = {ACBEE43C-7A88-4FB1-9B06-DB064D22B29F}
		{21329CA4-A866-4F74-9FD7-B46BFF236436} = {C397A34C-84F1-49E7-AEBC-2F9F2B196216}
	EndGlobalSection
	GlobalSection(ExtensibilityGlobals) = postSolution
		SolutionGuid = {31037E8B-CA85-4894-A74A-565E7A3243E7}
	EndGlobalSection
EndGlobal
