Microsoft Visual Studio Solution File, Format Version 12.00
# Visual Studio Version 16
VisualStudioVersion = 16.0.30503.244
MinimumVisualStudioVersion = 15.0.26124.0
Project("{2150E333-8FDC-42A3-9474-1A3956D46DE8}") = "src", "src", "{C397A34C-84F1-49E7-AEBC-2F9F2B196216}"
EndProject
Project("{2150E333-8FDC-42A3-9474-1A3956D46DE8}") = "tests", "tests", "{ACBEE43C-7A88-4FB1-9B06-DB064D22B29F}"
EndProject
Project("{6EC3EE1D-3C4E-46DD-8F32-0CC8E7565705}") = "HW4", "src\HW4\HW4.fsproj", "{6820B01F-3AD6-4C60-9301-4B66FBD4CFFD}"
EndProject
Project("{6EC3EE1D-3C4E-46DD-8F32-0CC8E7565705}") = "HW4.Tests", "tests\HW4.Tests\HW4.Tests.fsproj", "{B3FF690B-E1E7-4E7B-BC29-BAEEA74CAFB1}"
EndProject
Project("{6EC3EE1D-3C4E-46DD-8F32-0CC8E7565705}") = "HW2-3", "src\HW2-3\HW2-3.fsproj", "{F083C89E-96B8-4B96-9343-DA8A64CA202E}"
EndProject
Project("{6EC3EE1D-3C4E-46DD-8F32-0CC8E7565705}") = "HW2-3.Tests", "tests\HW2-3.Tests\HW2-3.Tests.fsproj", "{FF1FCA83-1B79-4A18-991B-9F1BFFBD5C09}"
EndProject
Global
	GlobalSection(SolutionConfigurationPlatforms) = preSolution
		Debug|Any CPU = Debug|Any CPU
		Debug|x64 = Debug|x64
		Debug|x86 = Debug|x86
		Release|Any CPU = Release|Any CPU
		Release|x64 = Release|x64
		Release|x86 = Release|x86
	EndGlobalSection
	GlobalSection(ProjectConfigurationPlatforms) = postSolution
		{6820B01F-3AD6-4C60-9301-4B66FBD4CFFD}.Debug|Any CPU.ActiveCfg = Debug|Any CPU
		{6820B01F-3AD6-4C60-9301-4B66FBD4CFFD}.Debug|Any CPU.Build.0 = Debug|Any CPU
		{6820B01F-3AD6-4C60-9301-4B66FBD4CFFD}.Debug|x64.ActiveCfg = Debug|Any CPU
		{6820B01F-3AD6-4C60-9301-4B66FBD4CFFD}.Debug|x64.Build.0 = Debug|Any CPU
		{6820B01F-3AD6-4C60-9301-4B66FBD4CFFD}.Debug|x86.ActiveCfg = Debug|Any CPU
		{6820B01F-3AD6-4C60-9301-4B66FBD4CFFD}.Debug|x86.Build.0 = Debug|Any CPU
		{6820B01F-3AD6-4C60-9301-4B66FBD4CFFD}.Release|Any CPU.ActiveCfg = Release|Any CPU
		{6820B01F-3AD6-4C60-9301-4B66FBD4CFFD}.Release|Any CPU.Build.0 = Release|Any CPU
		{6820B01F-3AD6-4C60-9301-4B66FBD4CFFD}.Release|x64.ActiveCfg = Release|Any CPU
		{6820B01F-3AD6-4C60-9301-4B66FBD4CFFD}.Release|x64.Build.0 = Release|Any CPU
		{6820B01F-3AD6-4C60-9301-4B66FBD4CFFD}.Release|x86.ActiveCfg = Release|Any CPU
		{6820B01F-3AD6-4C60-9301-4B66FBD4CFFD}.Release|x86.Build.0 = Release|Any CPU
		{B3FF690B-E1E7-4E7B-BC29-BAEEA74CAFB1}.Debug|Any CPU.ActiveCfg = Debug|Any CPU
		{B3FF690B-E1E7-4E7B-BC29-BAEEA74CAFB1}.Debug|Any CPU.Build.0 = Debug|Any CPU
		{B3FF690B-E1E7-4E7B-BC29-BAEEA74CAFB1}.Debug|x64.ActiveCfg = Debug|Any CPU
		{B3FF690B-E1E7-4E7B-BC29-BAEEA74CAFB1}.Debug|x64.Build.0 = Debug|Any CPU
		{B3FF690B-E1E7-4E7B-BC29-BAEEA74CAFB1}.Debug|x86.ActiveCfg = Debug|Any CPU
		{B3FF690B-E1E7-4E7B-BC29-BAEEA74CAFB1}.Debug|x86.Build.0 = Debug|Any CPU
		{B3FF690B-E1E7-4E7B-BC29-BAEEA74CAFB1}.Release|Any CPU.ActiveCfg = Release|Any CPU
		{B3FF690B-E1E7-4E7B-BC29-BAEEA74CAFB1}.Release|Any CPU.Build.0 = Release|Any CPU
		{B3FF690B-E1E7-4E7B-BC29-BAEEA74CAFB1}.Release|x64.ActiveCfg = Release|Any CPU
		{B3FF690B-E1E7-4E7B-BC29-BAEEA74CAFB1}.Release|x64.Build.0 = Release|Any CPU
		{B3FF690B-E1E7-4E7B-BC29-BAEEA74CAFB1}.Release|x86.ActiveCfg = Release|Any CPU
		{B3FF690B-E1E7-4E7B-BC29-BAEEA74CAFB1}.Release|x86.Build.0 = Release|Any CPU
		{F083C89E-96B8-4B96-9343-DA8A64CA202E}.Debug|Any CPU.ActiveCfg = Debug|Any CPU
		{F083C89E-96B8-4B96-9343-DA8A64CA202E}.Debug|Any CPU.Build.0 = Debug|Any CPU
		{F083C89E-96B8-4B96-9343-DA8A64CA202E}.Debug|x64.ActiveCfg = Debug|Any CPU
		{F083C89E-96B8-4B96-9343-DA8A64CA202E}.Debug|x64.Build.0 = Debug|Any CPU
		{F083C89E-96B8-4B96-9343-DA8A64CA202E}.Debug|x86.ActiveCfg = Debug|Any CPU
		{F083C89E-96B8-4B96-9343-DA8A64CA202E}.Debug|x86.Build.0 = Debug|Any CPU
		{F083C89E-96B8-4B96-9343-DA8A64CA202E}.Release|Any CPU.ActiveCfg = Release|Any CPU
		{F083C89E-96B8-4B96-9343-DA8A64CA202E}.Release|Any CPU.Build.0 = Release|Any CPU
		{F083C89E-96B8-4B96-9343-DA8A64CA202E}.Release|x64.ActiveCfg = Release|Any CPU
		{F083C89E-96B8-4B96-9343-DA8A64CA202E}.Release|x64.Build.0 = Release|Any CPU
		{F083C89E-96B8-4B96-9343-DA8A64CA202E}.Release|x86.ActiveCfg = Release|Any CPU
		{F083C89E-96B8-4B96-9343-DA8A64CA202E}.Release|x86.Build.0 = Release|Any CPU
		{FF1FCA83-1B79-4A18-991B-9F1BFFBD5C09}.Debug|Any CPU.ActiveCfg = Debug|Any CPU
		{FF1FCA83-1B79-4A18-991B-9F1BFFBD5C09}.Debug|Any CPU.Build.0 = Debug|Any CPU
		{FF1FCA83-1B79-4A18-991B-9F1BFFBD5C09}.Debug|x64.ActiveCfg = Debug|Any CPU
		{FF1FCA83-1B79-4A18-991B-9F1BFFBD5C09}.Debug|x64.Build.0 = Debug|Any CPU
		{FF1FCA83-1B79-4A18-991B-9F1BFFBD5C09}.Debug|x86.ActiveCfg = Debug|Any CPU
		{FF1FCA83-1B79-4A18-991B-9F1BFFBD5C09}.Debug|x86.Build.0 = Debug|Any CPU
		{FF1FCA83-1B79-4A18-991B-9F1BFFBD5C09}.Release|Any CPU.ActiveCfg = Release|Any CPU
		{FF1FCA83-1B79-4A18-991B-9F1BFFBD5C09}.Release|Any CPU.Build.0 = Release|Any CPU
		{FF1FCA83-1B79-4A18-991B-9F1BFFBD5C09}.Release|x64.ActiveCfg = Release|Any CPU
		{FF1FCA83-1B79-4A18-991B-9F1BFFBD5C09}.Release|x64.Build.0 = Release|Any CPU
		{FF1FCA83-1B79-4A18-991B-9F1BFFBD5C09}.Release|x86.ActiveCfg = Release|Any CPU
		{FF1FCA83-1B79-4A18-991B-9F1BFFBD5C09}.Release|x86.Build.0 = Release|Any CPU
	EndGlobalSection
	GlobalSection(SolutionProperties) = preSolution
		HideSolutionNode = FALSE
	EndGlobalSection
	GlobalSection(NestedProjects) = preSolution
		{6820B01F-3AD6-4C60-9301-4B66FBD4CFFD} = {C397A34C-84F1-49E7-AEBC-2F9F2B196216}
		{B3FF690B-E1E7-4E7B-BC29-BAEEA74CAFB1} = {ACBEE43C-7A88-4FB1-9B06-DB064D22B29F}
		{F083C89E-96B8-4B96-9343-DA8A64CA202E} = {C397A34C-84F1-49E7-AEBC-2F9F2B196216}
		{FF1FCA83-1B79-4A18-991B-9F1BFFBD5C09} = {ACBEE43C-7A88-4FB1-9B06-DB064D22B29F}
	EndGlobalSection
	GlobalSection(ExtensibilityGlobals) = postSolution
		SolutionGuid = {31037E8B-CA85-4894-A74A-565E7A3243E7}
	EndGlobalSection
EndGlobal
